
Microsoft Visual Studio Solution File, Format Version 12.00
# Visual Studio Version 16
VisualStudioVersion = 16.0.31515.178
MinimumVisualStudioVersion = 10.0.40219.1
Project("{9A19103F-16F7-4668-BE54-9A1E7A4F7556}") = "Niraya", "Niraya\Niraya.csproj", "{D6DF5374-7FD0-42B0-A222-0592DE609390}"
EndProject
Global
	GlobalSection(SolutionConfigurationPlatforms) = preSolution
		Debug|Any CPU = Debug|Any CPU
		Release|Any CPU = Release|Any CPU
	EndGlobalSection
	GlobalSection(ProjectConfigurationPlatforms) = postSolution
		{D6DF5374-7FD0-42B0-A222-0592DE609390}.Debug|Any CPU.ActiveCfg = Debug|Any CPU
		{D6DF5374-7FD0-42B0-A222-0592DE609390}.Debug|Any CPU.Build.0 = Debug|Any CPU
		{D6DF5374-7FD0-42B0-A222-0592DE609390}.Release|Any CPU.ActiveCfg = Release|Any CPU
		{D6DF5374-7FD0-42B0-A222-0592DE609390}.Release|Any CPU.Build.0 = Release|Any CPU
	EndGlobalSection
	GlobalSection(SolutionProperties) = preSolution
		HideSolutionNode = FALSE
	EndGlobalSection
	GlobalSection(ExtensibilityGlobals) = postSolution
		SolutionGuid = {6A63B11C-EE5F-414E-964E-F8876635014F}
	EndGlobalSection
EndGlobal
